
Microsoft Visual Studio Solution File, Format Version 12.00
# Visual Studio Version 17
VisualStudioVersion = 17.5.002.0
MinimumVisualStudioVersion = 10.0.40219.1
Project("{9A19103F-16F7-4668-BE54-9A1E7A4F7556}") = "vscode-remote-try-dotnet", "vscode-remote-try-dotnet.csproj", "{C74C6392-E37F-4341-A5EB-9F2F3F519464}"
EndProject
Global
	GlobalSection(SolutionConfigurationPlatforms) = preSolution
		Debug|Any CPU = Debug|Any CPU
		Release|Any CPU = Release|Any CPU
	EndGlobalSection
	GlobalSection(ProjectConfigurationPlatforms) = postSolution
		{C74C6392-E37F-4341-A5EB-9F2F3F519464}.Debug|Any CPU.ActiveCfg = Debug|Any CPU
		{C74C6392-E37F-4341-A5EB-9F2F3F519464}.Debug|Any CPU.Build.0 = Debug|Any CPU
		{C74C6392-E37F-4341-A5EB-9F2F3F519464}.Release|Any CPU.ActiveCfg = Release|Any CPU
		{C74C6392-E37F-4341-A5EB-9F2F3F519464}.Release|Any CPU.Build.0 = Release|Any CPU
	EndGlobalSection
	GlobalSection(SolutionProperties) = preSolution
		HideSolutionNode = FALSE
	EndGlobalSection
	GlobalSection(ExtensibilityGlobals) = postSolution
		SolutionGuid = {70842F51-7ED6-44BC-AFF4-FC191F3DEF11}
	EndGlobalSection
EndGlobal
